
Microsoft Visual Studio Solution File, Format Version 12.00
# Visual Studio Version 16
VisualStudioVersion = 16.0.30907.101
MinimumVisualStudioVersion = 10.0.40219.1
Project("{E24C65DC-7377-472B-9ABA-BC803B73C61A}") = "AccountMgmtSvc", "AccountMgmtSvc\", "{205B66B5-1A1E-4478-8A0E-9C5AAF267265}"
	ProjectSection(WebsiteProperties) = preProject
		TargetFrameworkMoniker = ".NETFramework,Version%3Dv4.7.2"
		Debug.AspNetCompiler.VirtualPath = "/localhost_53152"
		Debug.AspNetCompiler.PhysicalPath = "AccountMgmtSvc\"
		Debug.AspNetCompiler.TargetPath = "PrecompiledWeb\localhost_53152\"
		Debug.AspNetCompiler.Updateable = "true"
		Debug.AspNetCompiler.ForceOverwrite = "true"
		Debug.AspNetCompiler.FixedNames = "false"
		Debug.AspNetCompiler.Debug = "True"
		Release.AspNetCompiler.VirtualPath = "/localhost_53152"
		Release.AspNetCompiler.PhysicalPath = "AccountMgmtSvc\"
		Release.AspNetCompiler.TargetPath = "PrecompiledWeb\localhost_53152\"
		Release.AspNetCompiler.Updateable = "true"
		Release.AspNetCompiler.ForceOverwrite = "true"
		Release.AspNetCompiler.FixedNames = "false"
		Release.AspNetCompiler.Debug = "False"
		VWDPort = "53152"
		SlnRelativePath = "AccountMgmtSvc\"
		DefaultWebSiteLanguage = "Visual C#"
	EndProjectSection
EndProject
Global
	GlobalSection(SolutionConfigurationPlatforms) = preSolution
		Debug|Any CPU = Debug|Any CPU
	EndGlobalSection
	GlobalSection(ProjectConfigurationPlatforms) = postSolution
		{205B66B5-1A1E-4478-8A0E-9C5AAF267265}.Debug|Any CPU.ActiveCfg = Debug|Any CPU
		{205B66B5-1A1E-4478-8A0E-9C5AAF267265}.Debug|Any CPU.Build.0 = Debug|Any CPU
	EndGlobalSection
	GlobalSection(SolutionProperties) = preSolution
		HideSolutionNode = FALSE
	EndGlobalSection
	GlobalSection(ExtensibilityGlobals) = postSolution
		SolutionGuid = {627B02D3-AAE8-4E17-A371-49B7C2E02D36}
	EndGlobalSection
EndGlobal
