
Microsoft Visual Studio Solution File, Format Version 12.00
# Visual Studio Version 16
VisualStudioVersion = 16.0.30413.136
MinimumVisualStudioVersion = 10.0.40219.1
Project("{E24C65DC-7377-472B-9ABA-BC803B73C61A}") = "AnnualClimateData", "AnnualClimateData\", "{69CFD84D-6C1F-4BDA-B45A-31B627BA6163}"
	ProjectSection(WebsiteProperties) = preProject
		TargetFrameworkMoniker = ".NETFramework,Version%3Dv4.7.2"
		Debug.AspNetCompiler.VirtualPath = "/localhost_50488"
		Debug.AspNetCompiler.PhysicalPath = "AnnualClimateData\"
		Debug.AspNetCompiler.TargetPath = "PrecompiledWeb\localhost_50488\"
		Debug.AspNetCompiler.Updateable = "true"
		Debug.AspNetCompiler.ForceOverwrite = "true"
		Debug.AspNetCompiler.FixedNames = "false"
		Debug.AspNetCompiler.Debug = "True"
		Release.AspNetCompiler.VirtualPath = "/localhost_50488"
		Release.AspNetCompiler.PhysicalPath = "AnnualClimateData\"
		Release.AspNetCompiler.TargetPath = "PrecompiledWeb\localhost_50488\"
		Release.AspNetCompiler.Updateable = "true"
		Release.AspNetCompiler.ForceOverwrite = "true"
		Release.AspNetCompiler.FixedNames = "false"
		Release.AspNetCompiler.Debug = "False"
		VWDPort = "50488"
		SlnRelativePath = "AnnualClimateData\"
		DefaultWebSiteLanguage = "Visual C#"
	EndProjectSection
EndProject
Global
	GlobalSection(SolutionConfigurationPlatforms) = preSolution
		Debug|Any CPU = Debug|Any CPU
	EndGlobalSection
	GlobalSection(ProjectConfigurationPlatforms) = postSolution
		{69CFD84D-6C1F-4BDA-B45A-31B627BA6163}.Debug|Any CPU.ActiveCfg = Debug|Any CPU
		{69CFD84D-6C1F-4BDA-B45A-31B627BA6163}.Debug|Any CPU.Build.0 = Debug|Any CPU
	EndGlobalSection
	GlobalSection(SolutionProperties) = preSolution
		HideSolutionNode = FALSE
	EndGlobalSection
	GlobalSection(ExtensibilityGlobals) = postSolution
		SolutionGuid = {8FABE6A8-ED74-423D-9FD6-2369F85AC294}
	EndGlobalSection
EndGlobal
