
Microsoft Visual Studio Solution File, Format Version 12.00
# Visual Studio Version 16
VisualStudioVersion = 16.0.30907.101
MinimumVisualStudioVersion = 10.0.40219.1
Project("{E24C65DC-7377-472B-9ABA-BC803B73C61A}") = "WeatherAPI", "WeatherAPI\", "{4AEE4E09-0805-4A49-89D6-42F1D44741E2}"
	ProjectSection(WebsiteProperties) = preProject
		TargetFrameworkMoniker = ".NETFramework,Version%3Dv4.7.2"
		Debug.AspNetCompiler.VirtualPath = "/localhost_57847"
		Debug.AspNetCompiler.PhysicalPath = "WeatherAPI\"
		Debug.AspNetCompiler.TargetPath = "PrecompiledWeb\localhost_57847\"
		Debug.AspNetCompiler.Updateable = "true"
		Debug.AspNetCompiler.ForceOverwrite = "true"
		Debug.AspNetCompiler.FixedNames = "false"
		Debug.AspNetCompiler.Debug = "True"
		Release.AspNetCompiler.VirtualPath = "/localhost_57847"
		Release.AspNetCompiler.PhysicalPath = "WeatherAPI\"
		Release.AspNetCompiler.TargetPath = "PrecompiledWeb\localhost_57847\"
		Release.AspNetCompiler.Updateable = "true"
		Release.AspNetCompiler.ForceOverwrite = "true"
		Release.AspNetCompiler.FixedNames = "false"
		Release.AspNetCompiler.Debug = "False"
		VWDPort = "57847"
		SlnRelativePath = "WeatherAPI\"
		DefaultWebSiteLanguage = "Visual C#"
	EndProjectSection
EndProject
Global
	GlobalSection(SolutionConfigurationPlatforms) = preSolution
		Debug|Any CPU = Debug|Any CPU
	EndGlobalSection
	GlobalSection(ProjectConfigurationPlatforms) = postSolution
		{4AEE4E09-0805-4A49-89D6-42F1D44741E2}.Debug|Any CPU.ActiveCfg = Debug|Any CPU
		{4AEE4E09-0805-4A49-89D6-42F1D44741E2}.Debug|Any CPU.Build.0 = Debug|Any CPU
	EndGlobalSection
	GlobalSection(SolutionProperties) = preSolution
		HideSolutionNode = FALSE
	EndGlobalSection
	GlobalSection(ExtensibilityGlobals) = postSolution
		SolutionGuid = {499CF7AC-3E35-4218-B5B5-2663AEB11756}
	EndGlobalSection
EndGlobal
