
Microsoft Visual Studio Solution File, Format Version 12.00
# Visual Studio Version 16
VisualStudioVersion = 16.0.30907.101
MinimumVisualStudioVersion = 10.0.40219.1
Project("{E24C65DC-7377-472B-9ABA-BC803B73C61A}") = "MONITORING_SVC", "MONITORING_SVC\", "{C46E476D-337E-422D-B7DC-D41ACB8CEDD2}"
	ProjectSection(WebsiteProperties) = preProject
		TargetFrameworkMoniker = ".NETFramework,Version%3Dv4.7.2"
		Debug.AspNetCompiler.VirtualPath = "/localhost_64561"
		Debug.AspNetCompiler.PhysicalPath = "MONITORING_SVC\"
		Debug.AspNetCompiler.TargetPath = "PrecompiledWeb\localhost_64561\"
		Debug.AspNetCompiler.Updateable = "true"
		Debug.AspNetCompiler.ForceOverwrite = "true"
		Debug.AspNetCompiler.FixedNames = "false"
		Debug.AspNetCompiler.Debug = "True"
		Release.AspNetCompiler.VirtualPath = "/localhost_64561"
		Release.AspNetCompiler.PhysicalPath = "MONITORING_SVC\"
		Release.AspNetCompiler.TargetPath = "PrecompiledWeb\localhost_64561\"
		Release.AspNetCompiler.Updateable = "true"
		Release.AspNetCompiler.ForceOverwrite = "true"
		Release.AspNetCompiler.FixedNames = "false"
		Release.AspNetCompiler.Debug = "False"
		VWDPort = "64561"
		SlnRelativePath = "MONITORING_SVC\"
		DefaultWebSiteLanguage = "Visual C#"
	EndProjectSection
EndProject
Global
	GlobalSection(SolutionConfigurationPlatforms) = preSolution
		Debug|Any CPU = Debug|Any CPU
	EndGlobalSection
	GlobalSection(ProjectConfigurationPlatforms) = postSolution
		{C46E476D-337E-422D-B7DC-D41ACB8CEDD2}.Debug|Any CPU.ActiveCfg = Debug|Any CPU
		{C46E476D-337E-422D-B7DC-D41ACB8CEDD2}.Debug|Any CPU.Build.0 = Debug|Any CPU
	EndGlobalSection
	GlobalSection(SolutionProperties) = preSolution
		HideSolutionNode = FALSE
	EndGlobalSection
	GlobalSection(ExtensibilityGlobals) = postSolution
		SolutionGuid = {85317723-6B3A-453C-B324-6BA13B713137}
	EndGlobalSection
EndGlobal
